<?xml version="1.0" encoding="utf-8"?>
<Project ToolsVersion="4.0" xmlns="http://schemas.microsoft.com/developer/msbuild/2003">
  <ItemGroup>
    <Filter Include="Utility">
      <UniqueIdentifier>{e127cdcc-4112-4bb0-ae7c-19ac460469e4}</UniqueIdentifier>
    </Filter>
    <Filter Include="Application">
      <UniqueIdentifier>{2f707ec5-99ba-492b-93d3-4b920ef0965c}</UniqueIdentifier>
    </Filter>
  </ItemGroup>
  <ItemGroup>
    <ClInclude Include="Utility\PCH.h">
      <Filter>Utility</Filter>
    </ClInclude>
    <ClInclude Include="Application\IWindowProc.h">
      <Filter>Application</Filter>
    </ClInclude>
    <ClInclude Include="Application\Application.h">
      <Filter>Application</Filter>
    </ClInclude>
    <ClInclude Include="Application\FileSystem.h">
      <Filter>Application</Filter>
    </ClInclude>
  </ItemGroup>
  <ItemGroup>
    <ClCompile Include="Application\Application.cpp">
      <Filter>Application</Filter>
    </ClCompile>
    <ClCompile Include="Application\Main.cpp">
      <Filter>Application</Filter>
    </ClCompile>
    <ClCompile Include="Application\FileSystem.cpp">
      <Filter>Application</Filter>
    </ClCompile>
  </ItemGroup>
</Project>