<?xml version="1.0" encoding="utf-8"?>
<Project ToolsVersion="4.0" xmlns="http://schemas.microsoft.com/developer/msbuild/2003">
  <ItemGroup>
    <Filter Include="Utility">
      <UniqueIdentifier>{e127cdcc-4112-4bb0-ae7c-19ac460469e4}</UniqueIdentifier>
    </Filter>
    <Filter Include="Application">
      <UniqueIdentifier>{2f707ec5-99ba-492b-93d3-4b920ef0965c}</UniqueIdentifier>
    </Filter>
    <Filter Include="Mathematics">
      <UniqueIdentifier>{6e7de505-9619-4f9f-9672-6eb24ea7e36e}</UniqueIdentifier>
    </Filter>
  </ItemGroup>
  <ItemGroup>
    <ClInclude Include="Utility\PCH.h">
      <Filter>Utility</Filter>
    </ClInclude>
    <ClInclude Include="Application\IWindowProc.h">
      <Filter>Application</Filter>
    </ClInclude>
    <ClInclude Include="Application\Application.h">
      <Filter>Application</Filter>
    </ClInclude>
    <ClInclude Include="Application\FileSystem.h">
      <Filter>Application</Filter>
    </ClInclude>
    <ClInclude Include="Utility\Log.h">
      <Filter>Utility</Filter>
    </ClInclude>
    <ClInclude Include="Mathematics\Matrix3f.h">
      <Filter>Mathematics</Filter>
    </ClInclude>
    <ClInclude Include="Mathematics\Matrix4f.h">
      <Filter>Mathematics</Filter>
    </ClInclude>
    <ClInclude Include="Mathematics\Vector2f.h">
      <Filter>Mathematics</Filter>
    </ClInclude>
    <ClInclude Include="Mathematics\Vector3f.h">
      <Filter>Mathematics</Filter>
    </ClInclude>
    <ClInclude Include="Mathematics\Vector4f.h">
      <Filter>Mathematics</Filter>
    </ClInclude>
  </ItemGroup>
  <ItemGroup>
    <ClCompile Include="Application\Application.cpp">
      <Filter>Application</Filter>
    </ClCompile>
    <ClCompile Include="Application\Main.cpp">
      <Filter>Application</Filter>
    </ClCompile>
    <ClCompile Include="Application\FileSystem.cpp">
      <Filter>Application</Filter>
    </ClCompile>
    <ClCompile Include="Utility\Log.cpp">
      <Filter>Utility</Filter>
    </ClCompile>
    <ClCompile Include="Mathematics\Matrix3f.cpp">
      <Filter>Mathematics</Filter>
    </ClCompile>
    <ClCompile Include="Mathematics\Matrix4f.cpp">
      <Filter>Mathematics</Filter>
    </ClCompile>
    <ClCompile Include="Mathematics\Vector2f.cpp">
      <Filter>Mathematics</Filter>
    </ClCompile>
    <ClCompile Include="Mathematics\Vector3f.cpp">
      <Filter>Mathematics</Filter>
    </ClCompile>
    <ClCompile Include="Mathematics\Vector4f.cpp">
      <Filter>Mathematics</Filter>
    </ClCompile>
  </ItemGroup>
</Project>